
Microsoft Visual Studio Solution File, Format Version 12.00
# Visual Studio Version 16
VisualStudioVersion = 16.0.29728.190
MinimumVisualStudioVersion = 10.0.40219.1
Project("{FAE04EC0-301F-11D3-BF4B-00C04F79EFBC}") = "TelegramBotAberto", "TelegramBotAberto\TelegramBotAberto.csproj", "{92031C31-A881-479D-B6C3-2C2CE5583BB8}"
EndProject
Global
	GlobalSection(SolutionConfigurationPlatforms) = preSolution
		Debug|Any CPU = Debug|Any CPU
		Release|Any CPU = Release|Any CPU
	EndGlobalSection
	GlobalSection(ProjectConfigurationPlatforms) = postSolution
		{92031C31-A881-479D-B6C3-2C2CE5583BB8}.Debug|Any CPU.ActiveCfg = Debug|Any CPU
		{92031C31-A881-479D-B6C3-2C2CE5583BB8}.Debug|Any CPU.Build.0 = Debug|Any CPU
		{92031C31-A881-479D-B6C3-2C2CE5583BB8}.Release|Any CPU.ActiveCfg = Release|Any CPU
		{92031C31-A881-479D-B6C3-2C2CE5583BB8}.Release|Any CPU.Build.0 = Release|Any CPU
	EndGlobalSection
	GlobalSection(SolutionProperties) = preSolution
		HideSolutionNode = FALSE
	EndGlobalSection
	GlobalSection(ExtensibilityGlobals) = postSolution
		SolutionGuid = {836BBDB1-E501-43B6-A0E3-B8B6A60665E3}
	EndGlobalSection
EndGlobal
